{
  "name": "luau.ml",
  "version": "0.0.1",
  "lockfileVersion": 2,
  "requires": true,
  "packages": {
    "": {
      "name": "luau.ml",
      "version": "0.0.1",
      "dependencies": {
        "@supabase/supabase-js": "^1.21.0",
        "dedent": "^0.7.0"
      },
      "devDependencies": {
        "@sveltejs/adapter-cloudflare-workers": "^1.0.0-next.17",
        "@sveltejs/kit": "next",
        "prettier": "~2.2.1",
        "prettier-plugin-svelte": "^2.2.0",
        "svelte": "^3.34.0"
      }
    },
    "node_modules/@iarna/toml": {
      "version": "2.2.5",
      "resolved": "https://registry.npmjs.org/@iarna/toml/-/toml-2.2.5.tgz",
      "integrity": "sha512-trnsAYxU3xnS1gPHPyU961coFyLkh4gAD/0zQ5mymY4yOZ+CYvsPqUbOFSw0aDM4y0tV7tiFxL/1XfXPNC6IPg==",
      "dev": true
    },
    "node_modules/@rollup/pluginutils": {
      "version": "4.1.1",
      "resolved": "https://registry.npmjs.org/@rollup/pluginutils/-/pluginutils-4.1.1.tgz",
      "integrity": "sha512-clDjivHqWGXi7u+0d2r2sBi4Ie6VLEAzWMIkvJLnDmxoOhBYOTfzGbOQBA32THHm11/LiJbd01tJUpJsbshSWQ==",
      "dev": true,
      "dependencies": {
        "estree-walker": "^2.0.1",
        "picomatch": "^2.2.2"
      },
      "engines": {
        "node": ">= 8.0.0"
      }
    },
    "node_modules/@supabase/gotrue-js": {
      "version": "1.17.0",
      "resolved": "https://registry.npmjs.org/@supabase/gotrue-js/-/gotrue-js-1.17.0.tgz",
      "integrity": "sha512-c+GSSoW+PIT3/r7TnBdc4gPjtWDutO/2ROafSKUFl39Pb8aHIUbUvzK9sjuedaaLKH7bV8VefuRy2L8c0BUAzg==",
      "dependencies": {
        "cross-fetch": "^3.0.6"
      }
    },
    "node_modules/@supabase/postgrest-js": {
      "version": "0.33.0",
      "resolved": "https://registry.npmjs.org/@supabase/postgrest-js/-/postgrest-js-0.33.0.tgz",
      "integrity": "sha512-og6Evdkan7Qp6+tOch7Pyq+ZWMnrCQtPHWwPpsN5A3iYQSro2yn21Yvazs9qAFoWAeTGNkuTOVpShT5Mbc9WcQ==",
      "dependencies": {
        "cross-fetch": "^3.0.6"
      }
    },
    "node_modules/@supabase/realtime-js": {
      "version": "1.1.1",
      "resolved": "https://registry.npmjs.org/@supabase/realtime-js/-/realtime-js-1.1.1.tgz",
      "integrity": "sha512-kUew5KPjgWYtenxrQJWZ/tHMGlg5Qz++bbsiY8Y89AjZQioSO557MlGHaEoT6k4s7CJ6e/ctNsT7tRhCKJimcQ==",
      "dependencies": {
        "@types/websocket": "^1.0.3",
        "websocket": "^1.0.34"
      }
    },
    "node_modules/@supabase/storage-js": {
      "version": "1.4.0",
      "resolved": "https://registry.npmjs.org/@supabase/storage-js/-/storage-js-1.4.0.tgz",
      "integrity": "sha512-7+SGyXOgdhtz8qHzXo64HiS66PT/y4F8YFNMtXqYOu1LjHh0YwtOgpPLDA8obiSsNVwZiKwpgBJkz4LHG1YvRQ==",
      "dependencies": {
        "cross-fetch": "^3.1.0"
      }
    },
    "node_modules/@supabase/supabase-js": {
      "version": "1.21.0",
      "resolved": "https://registry.npmjs.org/@supabase/supabase-js/-/supabase-js-1.21.0.tgz",
      "integrity": "sha512-SJgRQCdHRpnnuXVCb7X8XA/u2S4oo1Jdn92eLBl0QaUKGhREFHk2x4XlJZA9bJNzAhby9eQZ56FCtBrUda2CRQ==",
      "dependencies": {
        "@supabase/gotrue-js": "^1.17.0",
        "@supabase/postgrest-js": "^0.33.0",
        "@supabase/realtime-js": "^1.1.1",
        "@supabase/storage-js": "^1.4.0"
      }
    },
    "node_modules/@sveltejs/adapter-cloudflare-workers": {
      "version": "1.0.0-next.17",
      "resolved": "https://registry.npmjs.org/@sveltejs/adapter-cloudflare-workers/-/adapter-cloudflare-workers-1.0.0-next.17.tgz",
      "integrity": "sha512-9z+OJomRQvmXySE8WYrKZSdWb6DDGHZPVBXKeEnEBGxFyJWmQEtpi2MFo84UknJtyjtv15XPlGr6fEVHNDKTgA==",
      "dev": true,
      "dependencies": {
        "@iarna/toml": "^2.2.5",
        "esbuild": "^0.12.5"
      }
    },
    "node_modules/@sveltejs/kit": {
      "version": "1.0.0-next.137",
      "resolved": "https://registry.npmjs.org/@sveltejs/kit/-/kit-1.0.0-next.137.tgz",
      "integrity": "sha512-YdcwaN9zWcbz4jLZS4j9/7fNZIVO8WkXDuwGTiKARhOLIuuJAjCvSuOZ3btJdV/ySpizTWX22u632weVPLECdw==",
      "dev": true,
      "dependencies": {
        "@sveltejs/vite-plugin-svelte": "^1.0.0-next.14",
        "cheap-watch": "^1.0.3",
        "sade": "^1.7.4",
        "vite": "^2.4.3"
      },
      "bin": {
        "svelte-kit": "svelte-kit.js"
      },
      "engines": {
        "node": "^12.20 || >=14.13"
      },
      "peerDependencies": {
        "svelte": "^3.34.0"
      }
    },
    "node_modules/@sveltejs/vite-plugin-svelte": {
      "version": "1.0.0-next.14",
      "resolved": "https://registry.npmjs.org/@sveltejs/vite-plugin-svelte/-/vite-plugin-svelte-1.0.0-next.14.tgz",
      "integrity": "sha512-46IKPtoGcdo6YLyUhvsXyC1Dg3m2HlbgreZqxM/h5DzavgUa75c/WHT5cIxxLppG+gxtct7V08/WNEdpFdmM3Q==",
      "dev": true,
      "dependencies": {
        "@rollup/pluginutils": "^4.1.1",
        "debug": "^4.3.2",
        "kleur": "^4.1.4",
        "magic-string": "^0.25.7",
        "require-relative": "^0.8.7",
        "svelte-hmr": "^0.14.7"
      },
      "engines": {
        "node": "^12.20 || ^14.13.1 || >= 16"
      },
      "peerDependencies": {
        "diff-match-patch": "^1.0.5",
        "svelte": "^3.34.0",
        "vite": "^2.3.7"
      },
      "peerDependenciesMeta": {
        "diff-match-patch": {
          "optional": true
        }
      }
    },
    "node_modules/@types/node": {
      "version": "16.4.4",
      "resolved": "https://registry.npmjs.org/@types/node/-/node-16.4.4.tgz",
      "integrity": "sha512-BH/jX0HjzElFCQdAwaEMwuGBQwm6ViDZ00X6LKdnRRmGWOzkWugEH4+7a0BwfHQ8DfPPCSd/mdsm3Nu8FKFu0w=="
    },
    "node_modules/@types/websocket": {
      "version": "1.0.3",
      "resolved": "https://registry.npmjs.org/@types/websocket/-/websocket-1.0.3.tgz",
      "integrity": "sha512-ZdoTSwmDsKR7l1I8fpfQtmTI/hUwlOvE3q0iyJsp4tXU0MkdrYowimDzwxjhQvxU4qjhHLd3a6ig0OXRbLgIdw==",
      "dependencies": {
        "@types/node": "*"
      }
    },
    "node_modules/bufferutil": {
      "version": "4.0.3",
      "resolved": "https://registry.npmjs.org/bufferutil/-/bufferutil-4.0.3.tgz",
      "integrity": "sha512-yEYTwGndELGvfXsImMBLop58eaGW+YdONi1fNjTINSY98tmMmFijBG6WXgdkfuLNt4imzQNtIE+eBp1PVpMCSw==",
      "hasInstallScript": true,
      "dependencies": {
        "node-gyp-build": "^4.2.0"
      }
    },
    "node_modules/cheap-watch": {
      "version": "1.0.3",
      "resolved": "https://registry.npmjs.org/cheap-watch/-/cheap-watch-1.0.3.tgz",
      "integrity": "sha512-xC5CruMhLzjPwJ5ecUxGu1uGmwJQykUhqd2QrCrYbwvsFYdRyviu6jG9+pccwDXJR/OpmOTOJ9yLFunVgQu9wg==",
      "dev": true,
      "engines": {
        "node": ">=8"
      }
    },
    "node_modules/colorette": {
      "version": "1.2.2",
      "resolved": "https://registry.npmjs.org/colorette/-/colorette-1.2.2.tgz",
      "integrity": "sha512-MKGMzyfeuutC/ZJ1cba9NqcNpfeqMUcYmyF1ZFY6/Cn7CNSAKx6a+s48sqLqyAiZuaP2TcqMhoo+dlwFnVxT9w==",
      "dev": true
    },
    "node_modules/cross-fetch": {
      "version": "3.1.4",
      "resolved": "https://registry.npmjs.org/cross-fetch/-/cross-fetch-3.1.4.tgz",
      "integrity": "sha512-1eAtFWdIubi6T4XPy6ei9iUFoKpUkIF971QLN8lIvvvwueI65+Nw5haMNKUwfJxabqlIIDODJKGrQ66gxC0PbQ==",
      "dependencies": {
        "node-fetch": "2.6.1"
      }
    },
    "node_modules/d": {
      "version": "1.0.1",
      "resolved": "https://registry.npmjs.org/d/-/d-1.0.1.tgz",
      "integrity": "sha512-m62ShEObQ39CfralilEQRjH6oAMtNCV1xJyEx5LpRYUVN+EviphDgUc/F3hnYbADmkiNs67Y+3ylmlG7Lnu+FA==",
      "dependencies": {
        "es5-ext": "^0.10.50",
        "type": "^1.0.1"
      }
    },
    "node_modules/debug": {
      "version": "4.3.2",
      "resolved": "https://registry.npmjs.org/debug/-/debug-4.3.2.tgz",
      "integrity": "sha512-mOp8wKcvj7XxC78zLgw/ZA+6TSgkoE2C/ienthhRD298T7UNwAg9diBpLRxC0mOezLl4B0xV7M0cCO6P/O0Xhw==",
      "dev": true,
      "dependencies": {
        "ms": "2.1.2"
      },
      "engines": {
        "node": ">=6.0"
      },
      "peerDependenciesMeta": {
        "supports-color": {
          "optional": true
        }
      }
    },
    "node_modules/dedent": {
      "version": "0.7.0",
      "resolved": "https://registry.npmjs.org/dedent/-/dedent-0.7.0.tgz",
      "integrity": "sha1-JJXduvbrh0q7Dhvp3yLS5aVEMmw="
    },
    "node_modules/es5-ext": {
      "version": "0.10.53",
      "resolved": "https://registry.npmjs.org/es5-ext/-/es5-ext-0.10.53.tgz",
      "integrity": "sha512-Xs2Stw6NiNHWypzRTY1MtaG/uJlwCk8kH81920ma8mvN8Xq1gsfhZvpkImLQArw8AHnv8MT2I45J3c0R8slE+Q==",
      "dependencies": {
        "es6-iterator": "~2.0.3",
        "es6-symbol": "~3.1.3",
        "next-tick": "~1.0.0"
      }
    },
    "node_modules/es6-iterator": {
      "version": "2.0.3",
      "resolved": "https://registry.npmjs.org/es6-iterator/-/es6-iterator-2.0.3.tgz",
      "integrity": "sha1-p96IkUGgWpSwhUQDstCg+/qY87c=",
      "dependencies": {
        "d": "1",
        "es5-ext": "^0.10.35",
        "es6-symbol": "^3.1.1"
      }
    },
    "node_modules/es6-symbol": {
      "version": "3.1.3",
      "resolved": "https://registry.npmjs.org/es6-symbol/-/es6-symbol-3.1.3.tgz",
      "integrity": "sha512-NJ6Yn3FuDinBaBRWl/q5X/s4koRHBrgKAu+yGI6JCBeiu3qrcbJhwT2GeR/EXVfylRk8dpQVJoLEFhK+Mu31NA==",
      "dependencies": {
        "d": "^1.0.1",
        "ext": "^1.1.2"
      }
    },
    "node_modules/esbuild": {
      "version": "0.12.16",
      "resolved": "https://registry.npmjs.org/esbuild/-/esbuild-0.12.16.tgz",
      "integrity": "sha512-XqI9cXP2bmQ6MREIqrYBb13KfYFSERsV1+e5jSVWps8dNlLZK+hln7d0mznzDIpfISsg/AgQW0DW3kSInXWhrg==",
      "dev": true,
      "hasInstallScript": true,
      "bin": {
        "esbuild": "bin/esbuild"
      }
    },
    "node_modules/estree-walker": {
      "version": "2.0.2",
      "resolved": "https://registry.npmjs.org/estree-walker/-/estree-walker-2.0.2.tgz",
      "integrity": "sha512-Rfkk/Mp/DL7JVje3u18FxFujQlTNR2q6QfMSMB7AvCBx91NGj/ba3kCfza0f6dVDbw7YlRf/nDrn7pQrCCyQ/w==",
      "dev": true
    },
    "node_modules/ext": {
      "version": "1.4.0",
      "resolved": "https://registry.npmjs.org/ext/-/ext-1.4.0.tgz",
      "integrity": "sha512-Key5NIsUxdqKg3vIsdw9dSuXpPCQ297y6wBjL30edxwPgt2E44WcWBZey/ZvUc6sERLTxKdyCu4gZFmUbk1Q7A==",
      "dependencies": {
        "type": "^2.0.0"
      }
    },
    "node_modules/ext/node_modules/type": {
      "version": "2.5.0",
      "resolved": "https://registry.npmjs.org/type/-/type-2.5.0.tgz",
      "integrity": "sha512-180WMDQaIMm3+7hGXWf12GtdniDEy7nYcyFMKJn/eZz/6tSLXrUN9V0wKSbMjej0I1WHWbpREDEKHtqPQa9NNw=="
    },
    "node_modules/fsevents": {
      "version": "2.3.2",
      "resolved": "https://registry.npmjs.org/fsevents/-/fsevents-2.3.2.tgz",
      "integrity": "sha512-xiqMQR4xAeHTuB9uWm+fFRcIOgKBMiOBP+eXiyT7jsgVCq1bkVygt00oASowB7EdtpOHaaPgKt812P9ab+DDKA==",
      "dev": true,
      "hasInstallScript": true,
      "optional": true,
      "os": [
        "darwin"
      ],
      "engines": {
        "node": "^8.16.0 || ^10.6.0 || >=11.0.0"
      }
    },
    "node_modules/function-bind": {
      "version": "1.1.1",
      "resolved": "https://registry.npmjs.org/function-bind/-/function-bind-1.1.1.tgz",
      "integrity": "sha512-yIovAzMX49sF8Yl58fSCWJ5svSLuaibPxXQJFLmBObTuCr0Mf1KiPopGM9NiFjiYBCbfaa2Fh6breQ6ANVTI0A==",
      "dev": true
    },
    "node_modules/has": {
      "version": "1.0.3",
      "resolved": "https://registry.npmjs.org/has/-/has-1.0.3.tgz",
      "integrity": "sha512-f2dvO0VU6Oej7RkWJGrehjbzMAjFp5/VKPp5tTpWIV4JHHZK1/BxbFRtf/siA2SWTe09caDmVtYYzWEIbBS4zw==",
      "dev": true,
      "dependencies": {
        "function-bind": "^1.1.1"
      },
      "engines": {
        "node": ">= 0.4.0"
      }
    },
    "node_modules/is-core-module": {
      "version": "2.5.0",
      "resolved": "https://registry.npmjs.org/is-core-module/-/is-core-module-2.5.0.tgz",
      "integrity": "sha512-TXCMSDsEHMEEZ6eCA8rwRDbLu55MRGmrctljsBX/2v1d9/GzqHOxW5c5oPSgrUt2vBFXebu9rGqckXGPWOlYpg==",
      "dev": true,
      "dependencies": {
        "has": "^1.0.3"
      },
      "funding": {
        "url": "https://github.com/sponsors/ljharb"
      }
    },
    "node_modules/is-typedarray": {
      "version": "1.0.0",
      "resolved": "https://registry.npmjs.org/is-typedarray/-/is-typedarray-1.0.0.tgz",
      "integrity": "sha1-5HnICFjfDBsR3dppQPlgEfzaSpo="
    },
    "node_modules/kleur": {
      "version": "4.1.4",
      "resolved": "https://registry.npmjs.org/kleur/-/kleur-4.1.4.tgz",
      "integrity": "sha512-8QADVssbrFjivHWQU7KkMgptGTl6WAcSdlbBPY4uNF+mWr6DGcKrvY2w4FQJoXch7+fKMjj0dRrL75vk3k23OA==",
      "dev": true,
      "engines": {
        "node": ">=6"
      }
    },
    "node_modules/magic-string": {
      "version": "0.25.7",
      "resolved": "https://registry.npmjs.org/magic-string/-/magic-string-0.25.7.tgz",
      "integrity": "sha512-4CrMT5DOHTDk4HYDlzmwu4FVCcIYI8gauveasrdCu2IKIFOJ3f0v/8MDGJCDL9oD2ppz/Av1b0Nj345H9M+XIA==",
      "dev": true,
      "dependencies": {
        "sourcemap-codec": "^1.4.4"
      }
    },
    "node_modules/mri": {
      "version": "1.1.6",
      "resolved": "https://registry.npmjs.org/mri/-/mri-1.1.6.tgz",
      "integrity": "sha512-oi1b3MfbyGa7FJMP9GmLTttni5JoICpYBRlq+x5V16fZbLsnL9N3wFqqIm/nIG43FjUFkFh9Epzp/kzUGUnJxQ==",
      "dev": true,
      "engines": {
        "node": ">=4"
      }
    },
    "node_modules/ms": {
      "version": "2.1.2",
      "resolved": "https://registry.npmjs.org/ms/-/ms-2.1.2.tgz",
      "integrity": "sha512-sGkPx+VjMtmA6MX27oA4FBFELFCZZ4S4XqeGOXCv68tT+jb3vk/RyaKWP0PTKyWtmLSM0b+adUTEvbs1PEaH2w==",
      "dev": true
    },
    "node_modules/nanoid": {
      "version": "3.1.23",
      "resolved": "https://registry.npmjs.org/nanoid/-/nanoid-3.1.23.tgz",
      "integrity": "sha512-FiB0kzdP0FFVGDKlRLEQ1BgDzU87dy5NnzjeW9YZNt+/c3+q82EQDUwniSAUxp/F0gFNI1ZhKU1FqYsMuqZVnw==",
      "dev": true,
      "bin": {
        "nanoid": "bin/nanoid.cjs"
      },
      "engines": {
        "node": "^10 || ^12 || ^13.7 || ^14 || >=15.0.1"
      }
    },
    "node_modules/next-tick": {
      "version": "1.0.0",
      "resolved": "https://registry.npmjs.org/next-tick/-/next-tick-1.0.0.tgz",
      "integrity": "sha1-yobR/ogoFpsBICCOPchCS524NCw="
    },
    "node_modules/node-fetch": {
      "version": "2.6.1",
      "resolved": "https://registry.npmjs.org/node-fetch/-/node-fetch-2.6.1.tgz",
      "integrity": "sha512-V4aYg89jEoVRxRb2fJdAg8FHvI7cEyYdVAh94HH0UIK8oJxUfkjlDQN9RbMx+bEjP7+ggMiFRprSti032Oipxw==",
      "engines": {
        "node": "4.x || >=6.0.0"
      }
    },
    "node_modules/node-gyp-build": {
      "version": "4.2.3",
      "resolved": "https://registry.npmjs.org/node-gyp-build/-/node-gyp-build-4.2.3.tgz",
      "integrity": "sha512-MN6ZpzmfNCRM+3t57PTJHgHyw/h4OWnZ6mR8P5j/uZtqQr46RRuDE/P+g3n0YR/AiYXeWixZZzaip77gdICfRg==",
      "bin": {
        "node-gyp-build": "bin.js",
        "node-gyp-build-optional": "optional.js",
        "node-gyp-build-test": "build-test.js"
      }
    },
    "node_modules/path-parse": {
      "version": "1.0.7",
      "resolved": "https://registry.npmjs.org/path-parse/-/path-parse-1.0.7.tgz",
      "integrity": "sha512-LDJzPVEEEPR+y48z93A0Ed0yXb8pAByGWo/k5YYdYgpY2/2EsOsksJrq7lOHxryrVOn1ejG6oAp8ahvOIQD8sw==",
      "dev": true
    },
    "node_modules/picomatch": {
      "version": "2.3.0",
      "resolved": "https://registry.npmjs.org/picomatch/-/picomatch-2.3.0.tgz",
      "integrity": "sha512-lY1Q/PiJGC2zOv/z391WOTD+Z02bCgsFfvxoXXf6h7kv9o+WmsmzYqrAwY63sNgOxE4xEdq0WyUnXfKeBrSvYw==",
      "dev": true,
      "engines": {
        "node": ">=8.6"
      },
      "funding": {
        "url": "https://github.com/sponsors/jonschlinkert"
      }
    },
    "node_modules/postcss": {
      "version": "8.3.6",
      "resolved": "https://registry.npmjs.org/postcss/-/postcss-8.3.6.tgz",
      "integrity": "sha512-wG1cc/JhRgdqB6WHEuyLTedf3KIRuD0hG6ldkFEZNCjRxiC+3i6kkWUUbiJQayP28iwG35cEmAbe98585BYV0A==",
      "dev": true,
      "dependencies": {
        "colorette": "^1.2.2",
        "nanoid": "^3.1.23",
        "source-map-js": "^0.6.2"
      },
      "engines": {
        "node": "^10 || ^12 || >=14"
      },
      "funding": {
        "type": "opencollective",
        "url": "https://opencollective.com/postcss/"
      }
    },
    "node_modules/prettier": {
      "version": "2.2.1",
      "resolved": "https://registry.npmjs.org/prettier/-/prettier-2.2.1.tgz",
      "integrity": "sha512-PqyhM2yCjg/oKkFPtTGUojv7gnZAoG80ttl45O6x2Ug/rMJw4wcc9k6aaf2hibP7BGVCCM33gZoGjyvt9mm16Q==",
      "dev": true,
      "bin": {
        "prettier": "bin-prettier.js"
      },
      "engines": {
        "node": ">=10.13.0"
      }
    },
    "node_modules/prettier-plugin-svelte": {
      "version": "2.3.1",
      "resolved": "https://registry.npmjs.org/prettier-plugin-svelte/-/prettier-plugin-svelte-2.3.1.tgz",
      "integrity": "sha512-F1/r6OYoBq8Zgurhs1MN25tdrhPw0JW5JjioPRqpxbYdmrZ3gY/DzHGs0B6zwd4DLyRsfGB2gqhxUCbHt/D1fw==",
      "dev": true,
      "peerDependencies": {
        "prettier": "^1.16.4 || ^2.0.0",
        "svelte": "^3.2.0"
      }
    },
    "node_modules/require-relative": {
      "version": "0.8.7",
      "resolved": "https://registry.npmjs.org/require-relative/-/require-relative-0.8.7.tgz",
      "integrity": "sha1-eZlTn8ngR6N5KPoZb44VY9q9Nt4=",
      "dev": true
    },
    "node_modules/resolve": {
      "version": "1.20.0",
      "resolved": "https://registry.npmjs.org/resolve/-/resolve-1.20.0.tgz",
      "integrity": "sha512-wENBPt4ySzg4ybFQW2TT1zMQucPK95HSh/nq2CFTZVOGut2+pQvSsgtda4d26YrYcr067wjbmzOG8byDPBX63A==",
      "dev": true,
      "dependencies": {
        "is-core-module": "^2.2.0",
        "path-parse": "^1.0.6"
      },
      "funding": {
        "url": "https://github.com/sponsors/ljharb"
      }
    },
    "node_modules/rollup": {
      "version": "2.54.0",
      "resolved": "https://registry.npmjs.org/rollup/-/rollup-2.54.0.tgz",
      "integrity": "sha512-RHzvstAVwm9A751NxWIbGPFXs3zL4qe/eYg+N7WwGtIXVLy1cK64MiU37+hXeFm1jqipK6DGgMi6Z2hhPuCC3A==",
      "dev": true,
      "bin": {
        "rollup": "dist/bin/rollup"
      },
      "engines": {
        "node": ">=10.0.0"
      },
      "optionalDependencies": {
        "fsevents": "~2.3.2"
      }
    },
    "node_modules/sade": {
      "version": "1.7.4",
      "resolved": "https://registry.npmjs.org/sade/-/sade-1.7.4.tgz",
      "integrity": "sha512-y5yauMD93rX840MwUJr7C1ysLFBgMspsdTo4UVrDg3fXDvtwOyIqykhVAAm6fk/3au77773itJStObgK+LKaiA==",
      "dev": true,
      "dependencies": {
        "mri": "^1.1.0"
      },
      "engines": {
        "node": ">= 6"
      }
    },
    "node_modules/source-map-js": {
      "version": "0.6.2",
      "resolved": "https://registry.npmjs.org/source-map-js/-/source-map-js-0.6.2.tgz",
      "integrity": "sha512-/3GptzWzu0+0MBQFrDKzw/DvvMTUORvgY6k6jd/VS6iCR4RDTKWH6v6WPwQoUO8667uQEf9Oe38DxAYWY5F/Ug==",
      "dev": true,
      "engines": {
        "node": ">=0.10.0"
      }
    },
    "node_modules/sourcemap-codec": {
      "version": "1.4.8",
      "resolved": "https://registry.npmjs.org/sourcemap-codec/-/sourcemap-codec-1.4.8.tgz",
      "integrity": "sha512-9NykojV5Uih4lgo5So5dtw+f0JgJX30KCNI8gwhz2J9A15wD0Ml6tjHKwf6fTSa6fAdVBdZeNOs9eJ71qCk8vA==",
      "dev": true
    },
    "node_modules/svelte": {
      "version": "3.40.3",
      "resolved": "https://registry.npmjs.org/svelte/-/svelte-3.40.3.tgz",
      "integrity": "sha512-aSZcouFacOKL/lOTzOOtDJcMbgkjaRvRptWJb0XcyFg2qYvO3IwcYeqtW5BuCJzYciiXKmNsqrp1CzsPt09xbA==",
      "dev": true,
      "engines": {
        "node": ">= 8"
      }
    },
    "node_modules/svelte-hmr": {
      "version": "0.14.7",
      "resolved": "https://registry.npmjs.org/svelte-hmr/-/svelte-hmr-0.14.7.tgz",
      "integrity": "sha512-pDrzgcWSoMaK6AJkBWkmgIsecW0GChxYZSZieIYfCP0v2oPyx2CYU/zm7TBIcjLVUPP714WxmViE9Thht4etog==",
      "dev": true,
      "peerDependencies": {
        "svelte": ">=3.19.0"
      }
    },
    "node_modules/type": {
      "version": "1.2.0",
      "resolved": "https://registry.npmjs.org/type/-/type-1.2.0.tgz",
      "integrity": "sha512-+5nt5AAniqsCnu2cEQQdpzCAh33kVx8n0VoFidKpB1dVVLAN/F+bgVOqOJqOnEnrhp222clB5p3vUlD+1QAnfg=="
    },
    "node_modules/typedarray-to-buffer": {
      "version": "3.1.5",
      "resolved": "https://registry.npmjs.org/typedarray-to-buffer/-/typedarray-to-buffer-3.1.5.tgz",
      "integrity": "sha512-zdu8XMNEDepKKR+XYOXAVPtWui0ly0NtohUscw+UmaHiAWT8hrV1rr//H6V+0DvJ3OQ19S979M0laLfX8rm82Q==",
      "dependencies": {
        "is-typedarray": "^1.0.0"
      }
    },
    "node_modules/utf-8-validate": {
      "version": "5.0.5",
      "resolved": "https://registry.npmjs.org/utf-8-validate/-/utf-8-validate-5.0.5.tgz",
      "integrity": "sha512-+pnxRYsS/axEpkrrEpzYfNZGXp0IjC/9RIxwM5gntY4Koi8SHmUGSfxfWqxZdRxrtaoVstuOzUp/rbs3JSPELQ==",
      "hasInstallScript": true,
      "dependencies": {
        "node-gyp-build": "^4.2.0"
      }
    },
    "node_modules/vite": {
      "version": "2.4.3",
      "resolved": "https://registry.npmjs.org/vite/-/vite-2.4.3.tgz",
      "integrity": "sha512-iT6NPeiUUZ2FkzC3eazytOEMRaM4J+xgRQcNcpRcbmfYjakCFP4WKPJpeEz1U5JEKHAtwv3ZBQketQUFhFU3ng==",
      "dev": true,
      "dependencies": {
        "esbuild": "^0.12.8",
        "postcss": "^8.3.5",
        "resolve": "^1.20.0",
        "rollup": "^2.38.5"
      },
      "bin": {
        "vite": "bin/vite.js"
      },
      "engines": {
        "node": ">=12.0.0"
      },
      "optionalDependencies": {
        "fsevents": "~2.3.2"
      }
    },
    "node_modules/websocket": {
      "version": "1.0.34",
      "resolved": "https://registry.npmjs.org/websocket/-/websocket-1.0.34.tgz",
      "integrity": "sha512-PRDso2sGwF6kM75QykIesBijKSVceR6jL2G8NGYyq2XrItNC2P5/qL5XeR056GhA+Ly7JMFvJb9I312mJfmqnQ==",
      "dependencies": {
        "bufferutil": "^4.0.1",
        "debug": "^2.2.0",
        "es5-ext": "^0.10.50",
        "typedarray-to-buffer": "^3.1.5",
        "utf-8-validate": "^5.0.2",
        "yaeti": "^0.0.6"
      },
      "engines": {
        "node": ">=4.0.0"
      }
    },
    "node_modules/websocket/node_modules/debug": {
      "version": "2.6.9",
      "resolved": "https://registry.npmjs.org/debug/-/debug-2.6.9.tgz",
      "integrity": "sha512-bC7ElrdJaJnPbAP+1EotYvqZsb3ecl5wi6Bfi6BJTUcNowp6cvspg0jXznRTKDjm/E7AdgFBVeAPVMNcKGsHMA==",
      "dependencies": {
        "ms": "2.0.0"
      }
    },
    "node_modules/websocket/node_modules/ms": {
      "version": "2.0.0",
      "resolved": "https://registry.npmjs.org/ms/-/ms-2.0.0.tgz",
      "integrity": "sha1-VgiurfwAvmwpAd9fmGF4jeDVl8g="
    },
    "node_modules/yaeti": {
      "version": "0.0.6",
      "resolved": "https://registry.npmjs.org/yaeti/-/yaeti-0.0.6.tgz",
      "integrity": "sha1-8m9ITXJoTPQr7ft2lwqhYI+/lXc=",
      "engines": {
        "node": ">=0.10.32"
      }
    }
  },
  "dependencies": {
    "@iarna/toml": {
      "version": "2.2.5",
      "resolved": "https://registry.npmjs.org/@iarna/toml/-/toml-2.2.5.tgz",
      "integrity": "sha512-trnsAYxU3xnS1gPHPyU961coFyLkh4gAD/0zQ5mymY4yOZ+CYvsPqUbOFSw0aDM4y0tV7tiFxL/1XfXPNC6IPg==",
      "dev": true
    },
    "@rollup/pluginutils": {
      "version": "4.1.1",
      "resolved": "https://registry.npmjs.org/@rollup/pluginutils/-/pluginutils-4.1.1.tgz",
      "integrity": "sha512-clDjivHqWGXi7u+0d2r2sBi4Ie6VLEAzWMIkvJLnDmxoOhBYOTfzGbOQBA32THHm11/LiJbd01tJUpJsbshSWQ==",
      "dev": true,
      "requires": {
        "estree-walker": "^2.0.1",
        "picomatch": "^2.2.2"
      }
    },
    "@supabase/gotrue-js": {
      "version": "1.17.0",
      "resolved": "https://registry.npmjs.org/@supabase/gotrue-js/-/gotrue-js-1.17.0.tgz",
      "integrity": "sha512-c+GSSoW+PIT3/r7TnBdc4gPjtWDutO/2ROafSKUFl39Pb8aHIUbUvzK9sjuedaaLKH7bV8VefuRy2L8c0BUAzg==",
      "requires": {
        "cross-fetch": "^3.0.6"
      }
    },
    "@supabase/postgrest-js": {
      "version": "0.33.0",
      "resolved": "https://registry.npmjs.org/@supabase/postgrest-js/-/postgrest-js-0.33.0.tgz",
      "integrity": "sha512-og6Evdkan7Qp6+tOch7Pyq+ZWMnrCQtPHWwPpsN5A3iYQSro2yn21Yvazs9qAFoWAeTGNkuTOVpShT5Mbc9WcQ==",
      "requires": {
        "cross-fetch": "^3.0.6"
      }
    },
    "@supabase/realtime-js": {
      "version": "1.1.1",
      "resolved": "https://registry.npmjs.org/@supabase/realtime-js/-/realtime-js-1.1.1.tgz",
      "integrity": "sha512-kUew5KPjgWYtenxrQJWZ/tHMGlg5Qz++bbsiY8Y89AjZQioSO557MlGHaEoT6k4s7CJ6e/ctNsT7tRhCKJimcQ==",
      "requires": {
        "@types/websocket": "^1.0.3",
        "websocket": "^1.0.34"
      }
    },
    "@supabase/storage-js": {
      "version": "1.4.0",
      "resolved": "https://registry.npmjs.org/@supabase/storage-js/-/storage-js-1.4.0.tgz",
      "integrity": "sha512-7+SGyXOgdhtz8qHzXo64HiS66PT/y4F8YFNMtXqYOu1LjHh0YwtOgpPLDA8obiSsNVwZiKwpgBJkz4LHG1YvRQ==",
      "requires": {
        "cross-fetch": "^3.1.0"
      }
    },
    "@supabase/supabase-js": {
      "version": "1.21.0",
      "resolved": "https://registry.npmjs.org/@supabase/supabase-js/-/supabase-js-1.21.0.tgz",
      "integrity": "sha512-SJgRQCdHRpnnuXVCb7X8XA/u2S4oo1Jdn92eLBl0QaUKGhREFHk2x4XlJZA9bJNzAhby9eQZ56FCtBrUda2CRQ==",
      "requires": {
        "@supabase/gotrue-js": "^1.17.0",
        "@supabase/postgrest-js": "^0.33.0",
        "@supabase/realtime-js": "^1.1.1",
        "@supabase/storage-js": "^1.4.0"
      }
    },
    "@sveltejs/adapter-cloudflare-workers": {
      "version": "1.0.0-next.17",
      "resolved": "https://registry.npmjs.org/@sveltejs/adapter-cloudflare-workers/-/adapter-cloudflare-workers-1.0.0-next.17.tgz",
      "integrity": "sha512-9z+OJomRQvmXySE8WYrKZSdWb6DDGHZPVBXKeEnEBGxFyJWmQEtpi2MFo84UknJtyjtv15XPlGr6fEVHNDKTgA==",
      "dev": true,
      "requires": {
        "@iarna/toml": "^2.2.5",
        "esbuild": "^0.12.5"
      }
    },
    "@sveltejs/kit": {
      "version": "1.0.0-next.137",
      "resolved": "https://registry.npmjs.org/@sveltejs/kit/-/kit-1.0.0-next.137.tgz",
      "integrity": "sha512-YdcwaN9zWcbz4jLZS4j9/7fNZIVO8WkXDuwGTiKARhOLIuuJAjCvSuOZ3btJdV/ySpizTWX22u632weVPLECdw==",
      "dev": true,
      "requires": {
        "@sveltejs/vite-plugin-svelte": "^1.0.0-next.14",
        "cheap-watch": "^1.0.3",
        "sade": "^1.7.4",
        "vite": "^2.4.3"
      }
    },
    "@sveltejs/vite-plugin-svelte": {
      "version": "1.0.0-next.14",
      "resolved": "https://registry.npmjs.org/@sveltejs/vite-plugin-svelte/-/vite-plugin-svelte-1.0.0-next.14.tgz",
      "integrity": "sha512-46IKPtoGcdo6YLyUhvsXyC1Dg3m2HlbgreZqxM/h5DzavgUa75c/WHT5cIxxLppG+gxtct7V08/WNEdpFdmM3Q==",
      "dev": true,
      "requires": {
        "@rollup/pluginutils": "^4.1.1",
        "debug": "^4.3.2",
        "kleur": "^4.1.4",
        "magic-string": "^0.25.7",
        "require-relative": "^0.8.7",
        "svelte-hmr": "^0.14.7"
      }
    },
    "@types/node": {
      "version": "16.4.4",
      "resolved": "https://registry.npmjs.org/@types/node/-/node-16.4.4.tgz",
      "integrity": "sha512-BH/jX0HjzElFCQdAwaEMwuGBQwm6ViDZ00X6LKdnRRmGWOzkWugEH4+7a0BwfHQ8DfPPCSd/mdsm3Nu8FKFu0w=="
    },
    "@types/websocket": {
      "version": "1.0.3",
      "resolved": "https://registry.npmjs.org/@types/websocket/-/websocket-1.0.3.tgz",
      "integrity": "sha512-ZdoTSwmDsKR7l1I8fpfQtmTI/hUwlOvE3q0iyJsp4tXU0MkdrYowimDzwxjhQvxU4qjhHLd3a6ig0OXRbLgIdw==",
      "requires": {
        "@types/node": "*"
      }
    },
    "bufferutil": {
      "version": "4.0.3",
      "resolved": "https://registry.npmjs.org/bufferutil/-/bufferutil-4.0.3.tgz",
      "integrity": "sha512-yEYTwGndELGvfXsImMBLop58eaGW+YdONi1fNjTINSY98tmMmFijBG6WXgdkfuLNt4imzQNtIE+eBp1PVpMCSw==",
      "requires": {
        "node-gyp-build": "^4.2.0"
      }
    },
    "cheap-watch": {
      "version": "1.0.3",
      "resolved": "https://registry.npmjs.org/cheap-watch/-/cheap-watch-1.0.3.tgz",
      "integrity": "sha512-xC5CruMhLzjPwJ5ecUxGu1uGmwJQykUhqd2QrCrYbwvsFYdRyviu6jG9+pccwDXJR/OpmOTOJ9yLFunVgQu9wg==",
      "dev": true
    },
    "colorette": {
      "version": "1.2.2",
      "resolved": "https://registry.npmjs.org/colorette/-/colorette-1.2.2.tgz",
      "integrity": "sha512-MKGMzyfeuutC/ZJ1cba9NqcNpfeqMUcYmyF1ZFY6/Cn7CNSAKx6a+s48sqLqyAiZuaP2TcqMhoo+dlwFnVxT9w==",
      "dev": true
    },
    "cross-fetch": {
      "version": "3.1.4",
      "resolved": "https://registry.npmjs.org/cross-fetch/-/cross-fetch-3.1.4.tgz",
      "integrity": "sha512-1eAtFWdIubi6T4XPy6ei9iUFoKpUkIF971QLN8lIvvvwueI65+Nw5haMNKUwfJxabqlIIDODJKGrQ66gxC0PbQ==",
      "requires": {
        "node-fetch": "2.6.1"
      }
    },
    "d": {
      "version": "1.0.1",
      "resolved": "https://registry.npmjs.org/d/-/d-1.0.1.tgz",
      "integrity": "sha512-m62ShEObQ39CfralilEQRjH6oAMtNCV1xJyEx5LpRYUVN+EviphDgUc/F3hnYbADmkiNs67Y+3ylmlG7Lnu+FA==",
      "requires": {
        "es5-ext": "^0.10.50",
        "type": "^1.0.1"
      }
    },
    "debug": {
      "version": "4.3.2",
      "resolved": "https://registry.npmjs.org/debug/-/debug-4.3.2.tgz",
      "integrity": "sha512-mOp8wKcvj7XxC78zLgw/ZA+6TSgkoE2C/ienthhRD298T7UNwAg9diBpLRxC0mOezLl4B0xV7M0cCO6P/O0Xhw==",
      "dev": true,
      "requires": {
        "ms": "2.1.2"
      }
    },
    "dedent": {
      "version": "0.7.0",
      "resolved": "https://registry.npmjs.org/dedent/-/dedent-0.7.0.tgz",
      "integrity": "sha1-JJXduvbrh0q7Dhvp3yLS5aVEMmw="
    },
    "es5-ext": {
      "version": "0.10.53",
      "resolved": "https://registry.npmjs.org/es5-ext/-/es5-ext-0.10.53.tgz",
      "integrity": "sha512-Xs2Stw6NiNHWypzRTY1MtaG/uJlwCk8kH81920ma8mvN8Xq1gsfhZvpkImLQArw8AHnv8MT2I45J3c0R8slE+Q==",
      "requires": {
        "es6-iterator": "~2.0.3",
        "es6-symbol": "~3.1.3",
        "next-tick": "~1.0.0"
      }
    },
    "es6-iterator": {
      "version": "2.0.3",
      "resolved": "https://registry.npmjs.org/es6-iterator/-/es6-iterator-2.0.3.tgz",
      "integrity": "sha1-p96IkUGgWpSwhUQDstCg+/qY87c=",
      "requires": {
        "d": "1",
        "es5-ext": "^0.10.35",
        "es6-symbol": "^3.1.1"
      }
    },
    "es6-symbol": {
      "version": "3.1.3",
      "resolved": "https://registry.npmjs.org/es6-symbol/-/es6-symbol-3.1.3.tgz",
      "integrity": "sha512-NJ6Yn3FuDinBaBRWl/q5X/s4koRHBrgKAu+yGI6JCBeiu3qrcbJhwT2GeR/EXVfylRk8dpQVJoLEFhK+Mu31NA==",
      "requires": {
        "d": "^1.0.1",
        "ext": "^1.1.2"
      }
    },
    "esbuild": {
      "version": "0.12.16",
      "resolved": "https://registry.npmjs.org/esbuild/-/esbuild-0.12.16.tgz",
      "integrity": "sha512-XqI9cXP2bmQ6MREIqrYBb13KfYFSERsV1+e5jSVWps8dNlLZK+hln7d0mznzDIpfISsg/AgQW0DW3kSInXWhrg==",
      "dev": true
    },
    "estree-walker": {
      "version": "2.0.2",
      "resolved": "https://registry.npmjs.org/estree-walker/-/estree-walker-2.0.2.tgz",
      "integrity": "sha512-Rfkk/Mp/DL7JVje3u18FxFujQlTNR2q6QfMSMB7AvCBx91NGj/ba3kCfza0f6dVDbw7YlRf/nDrn7pQrCCyQ/w==",
      "dev": true
    },
    "ext": {
      "version": "1.4.0",
      "resolved": "https://registry.npmjs.org/ext/-/ext-1.4.0.tgz",
      "integrity": "sha512-Key5NIsUxdqKg3vIsdw9dSuXpPCQ297y6wBjL30edxwPgt2E44WcWBZey/ZvUc6sERLTxKdyCu4gZFmUbk1Q7A==",
      "requires": {
        "type": "^2.0.0"
      },
      "dependencies": {
        "type": {
          "version": "2.5.0",
          "resolved": "https://registry.npmjs.org/type/-/type-2.5.0.tgz",
          "integrity": "sha512-180WMDQaIMm3+7hGXWf12GtdniDEy7nYcyFMKJn/eZz/6tSLXrUN9V0wKSbMjej0I1WHWbpREDEKHtqPQa9NNw=="
        }
      }
    },
    "fsevents": {
      "version": "2.3.2",
      "resolved": "https://registry.npmjs.org/fsevents/-/fsevents-2.3.2.tgz",
      "integrity": "sha512-xiqMQR4xAeHTuB9uWm+fFRcIOgKBMiOBP+eXiyT7jsgVCq1bkVygt00oASowB7EdtpOHaaPgKt812P9ab+DDKA==",
      "dev": true,
      "optional": true
    },
    "function-bind": {
      "version": "1.1.1",
      "resolved": "https://registry.npmjs.org/function-bind/-/function-bind-1.1.1.tgz",
      "integrity": "sha512-yIovAzMX49sF8Yl58fSCWJ5svSLuaibPxXQJFLmBObTuCr0Mf1KiPopGM9NiFjiYBCbfaa2Fh6breQ6ANVTI0A==",
      "dev": true
    },
    "has": {
      "version": "1.0.3",
      "resolved": "https://registry.npmjs.org/has/-/has-1.0.3.tgz",
      "integrity": "sha512-f2dvO0VU6Oej7RkWJGrehjbzMAjFp5/VKPp5tTpWIV4JHHZK1/BxbFRtf/siA2SWTe09caDmVtYYzWEIbBS4zw==",
      "dev": true,
      "requires": {
        "function-bind": "^1.1.1"
      }
    },
    "is-core-module": {
      "version": "2.5.0",
      "resolved": "https://registry.npmjs.org/is-core-module/-/is-core-module-2.5.0.tgz",
      "integrity": "sha512-TXCMSDsEHMEEZ6eCA8rwRDbLu55MRGmrctljsBX/2v1d9/GzqHOxW5c5oPSgrUt2vBFXebu9rGqckXGPWOlYpg==",
      "dev": true,
      "requires": {
        "has": "^1.0.3"
      }
    },
    "is-typedarray": {
      "version": "1.0.0",
      "resolved": "https://registry.npmjs.org/is-typedarray/-/is-typedarray-1.0.0.tgz",
      "integrity": "sha1-5HnICFjfDBsR3dppQPlgEfzaSpo="
    },
    "kleur": {
      "version": "4.1.4",
      "resolved": "https://registry.npmjs.org/kleur/-/kleur-4.1.4.tgz",
      "integrity": "sha512-8QADVssbrFjivHWQU7KkMgptGTl6WAcSdlbBPY4uNF+mWr6DGcKrvY2w4FQJoXch7+fKMjj0dRrL75vk3k23OA==",
      "dev": true
    },
    "magic-string": {
      "version": "0.25.7",
      "resolved": "https://registry.npmjs.org/magic-string/-/magic-string-0.25.7.tgz",
      "integrity": "sha512-4CrMT5DOHTDk4HYDlzmwu4FVCcIYI8gauveasrdCu2IKIFOJ3f0v/8MDGJCDL9oD2ppz/Av1b0Nj345H9M+XIA==",
      "dev": true,
      "requires": {
        "sourcemap-codec": "^1.4.4"
      }
    },
    "mri": {
      "version": "1.1.6",
      "resolved": "https://registry.npmjs.org/mri/-/mri-1.1.6.tgz",
      "integrity": "sha512-oi1b3MfbyGa7FJMP9GmLTttni5JoICpYBRlq+x5V16fZbLsnL9N3wFqqIm/nIG43FjUFkFh9Epzp/kzUGUnJxQ==",
      "dev": true
    },
    "ms": {
      "version": "2.1.2",
      "resolved": "https://registry.npmjs.org/ms/-/ms-2.1.2.tgz",
      "integrity": "sha512-sGkPx+VjMtmA6MX27oA4FBFELFCZZ4S4XqeGOXCv68tT+jb3vk/RyaKWP0PTKyWtmLSM0b+adUTEvbs1PEaH2w==",
      "dev": true
    },
    "nanoid": {
      "version": "3.1.23",
      "resolved": "https://registry.npmjs.org/nanoid/-/nanoid-3.1.23.tgz",
      "integrity": "sha512-FiB0kzdP0FFVGDKlRLEQ1BgDzU87dy5NnzjeW9YZNt+/c3+q82EQDUwniSAUxp/F0gFNI1ZhKU1FqYsMuqZVnw==",
      "dev": true
    },
    "next-tick": {
      "version": "1.0.0",
      "resolved": "https://registry.npmjs.org/next-tick/-/next-tick-1.0.0.tgz",
      "integrity": "sha1-yobR/ogoFpsBICCOPchCS524NCw="
    },
    "node-fetch": {
      "version": "2.6.1",
      "resolved": "https://registry.npmjs.org/node-fetch/-/node-fetch-2.6.1.tgz",
      "integrity": "sha512-V4aYg89jEoVRxRb2fJdAg8FHvI7cEyYdVAh94HH0UIK8oJxUfkjlDQN9RbMx+bEjP7+ggMiFRprSti032Oipxw=="
    },
    "node-gyp-build": {
      "version": "4.2.3",
      "resolved": "https://registry.npmjs.org/node-gyp-build/-/node-gyp-build-4.2.3.tgz",
      "integrity": "sha512-MN6ZpzmfNCRM+3t57PTJHgHyw/h4OWnZ6mR8P5j/uZtqQr46RRuDE/P+g3n0YR/AiYXeWixZZzaip77gdICfRg=="
    },
    "path-parse": {
      "version": "1.0.7",
      "resolved": "https://registry.npmjs.org/path-parse/-/path-parse-1.0.7.tgz",
      "integrity": "sha512-LDJzPVEEEPR+y48z93A0Ed0yXb8pAByGWo/k5YYdYgpY2/2EsOsksJrq7lOHxryrVOn1ejG6oAp8ahvOIQD8sw==",
      "dev": true
    },
    "picomatch": {
      "version": "2.3.0",
      "resolved": "https://registry.npmjs.org/picomatch/-/picomatch-2.3.0.tgz",
      "integrity": "sha512-lY1Q/PiJGC2zOv/z391WOTD+Z02bCgsFfvxoXXf6h7kv9o+WmsmzYqrAwY63sNgOxE4xEdq0WyUnXfKeBrSvYw==",
      "dev": true
    },
    "postcss": {
      "version": "8.3.6",
      "resolved": "https://registry.npmjs.org/postcss/-/postcss-8.3.6.tgz",
      "integrity": "sha512-wG1cc/JhRgdqB6WHEuyLTedf3KIRuD0hG6ldkFEZNCjRxiC+3i6kkWUUbiJQayP28iwG35cEmAbe98585BYV0A==",
      "dev": true,
      "requires": {
        "colorette": "^1.2.2",
        "nanoid": "^3.1.23",
        "source-map-js": "^0.6.2"
      }
    },
    "prettier": {
      "version": "2.2.1",
      "resolved": "https://registry.npmjs.org/prettier/-/prettier-2.2.1.tgz",
      "integrity": "sha512-PqyhM2yCjg/oKkFPtTGUojv7gnZAoG80ttl45O6x2Ug/rMJw4wcc9k6aaf2hibP7BGVCCM33gZoGjyvt9mm16Q==",
      "dev": true
    },
    "prettier-plugin-svelte": {
      "version": "2.3.1",
      "resolved": "https://registry.npmjs.org/prettier-plugin-svelte/-/prettier-plugin-svelte-2.3.1.tgz",
      "integrity": "sha512-F1/r6OYoBq8Zgurhs1MN25tdrhPw0JW5JjioPRqpxbYdmrZ3gY/DzHGs0B6zwd4DLyRsfGB2gqhxUCbHt/D1fw==",
      "dev": true,
      "requires": {}
    },
    "require-relative": {
      "version": "0.8.7",
      "resolved": "https://registry.npmjs.org/require-relative/-/require-relative-0.8.7.tgz",
      "integrity": "sha1-eZlTn8ngR6N5KPoZb44VY9q9Nt4=",
      "dev": true
    },
    "resolve": {
      "version": "1.20.0",
      "resolved": "https://registry.npmjs.org/resolve/-/resolve-1.20.0.tgz",
      "integrity": "sha512-wENBPt4ySzg4ybFQW2TT1zMQucPK95HSh/nq2CFTZVOGut2+pQvSsgtda4d26YrYcr067wjbmzOG8byDPBX63A==",
      "dev": true,
      "requires": {
        "is-core-module": "^2.2.0",
        "path-parse": "^1.0.6"
      }
    },
    "rollup": {
      "version": "2.54.0",
      "resolved": "https://registry.npmjs.org/rollup/-/rollup-2.54.0.tgz",
      "integrity": "sha512-RHzvstAVwm9A751NxWIbGPFXs3zL4qe/eYg+N7WwGtIXVLy1cK64MiU37+hXeFm1jqipK6DGgMi6Z2hhPuCC3A==",
      "dev": true,
      "requires": {
        "fsevents": "~2.3.2"
      }
    },
    "sade": {
      "version": "1.7.4",
      "resolved": "https://registry.npmjs.org/sade/-/sade-1.7.4.tgz",
      "integrity": "sha512-y5yauMD93rX840MwUJr7C1ysLFBgMspsdTo4UVrDg3fXDvtwOyIqykhVAAm6fk/3au77773itJStObgK+LKaiA==",
      "dev": true,
      "requires": {
        "mri": "^1.1.0"
      }
    },
    "source-map-js": {
      "version": "0.6.2",
      "resolved": "https://registry.npmjs.org/source-map-js/-/source-map-js-0.6.2.tgz",
      "integrity": "sha512-/3GptzWzu0+0MBQFrDKzw/DvvMTUORvgY6k6jd/VS6iCR4RDTKWH6v6WPwQoUO8667uQEf9Oe38DxAYWY5F/Ug==",
      "dev": true
    },
    "sourcemap-codec": {
      "version": "1.4.8",
      "resolved": "https://registry.npmjs.org/sourcemap-codec/-/sourcemap-codec-1.4.8.tgz",
      "integrity": "sha512-9NykojV5Uih4lgo5So5dtw+f0JgJX30KCNI8gwhz2J9A15wD0Ml6tjHKwf6fTSa6fAdVBdZeNOs9eJ71qCk8vA==",
      "dev": true
    },
    "svelte": {
      "version": "3.40.3",
      "resolved": "https://registry.npmjs.org/svelte/-/svelte-3.40.3.tgz",
      "integrity": "sha512-aSZcouFacOKL/lOTzOOtDJcMbgkjaRvRptWJb0XcyFg2qYvO3IwcYeqtW5BuCJzYciiXKmNsqrp1CzsPt09xbA==",
      "dev": true
    },
    "svelte-hmr": {
      "version": "0.14.7",
      "resolved": "https://registry.npmjs.org/svelte-hmr/-/svelte-hmr-0.14.7.tgz",
      "integrity": "sha512-pDrzgcWSoMaK6AJkBWkmgIsecW0GChxYZSZieIYfCP0v2oPyx2CYU/zm7TBIcjLVUPP714WxmViE9Thht4etog==",
      "dev": true,
      "requires": {}
    },
    "type": {
      "version": "1.2.0",
      "resolved": "https://registry.npmjs.org/type/-/type-1.2.0.tgz",
      "integrity": "sha512-+5nt5AAniqsCnu2cEQQdpzCAh33kVx8n0VoFidKpB1dVVLAN/F+bgVOqOJqOnEnrhp222clB5p3vUlD+1QAnfg=="
    },
    "typedarray-to-buffer": {
      "version": "3.1.5",
      "resolved": "https://registry.npmjs.org/typedarray-to-buffer/-/typedarray-to-buffer-3.1.5.tgz",
      "integrity": "sha512-zdu8XMNEDepKKR+XYOXAVPtWui0ly0NtohUscw+UmaHiAWT8hrV1rr//H6V+0DvJ3OQ19S979M0laLfX8rm82Q==",
      "requires": {
        "is-typedarray": "^1.0.0"
      }
    },
    "utf-8-validate": {
      "version": "5.0.5",
      "resolved": "https://registry.npmjs.org/utf-8-validate/-/utf-8-validate-5.0.5.tgz",
      "integrity": "sha512-+pnxRYsS/axEpkrrEpzYfNZGXp0IjC/9RIxwM5gntY4Koi8SHmUGSfxfWqxZdRxrtaoVstuOzUp/rbs3JSPELQ==",
      "requires": {
        "node-gyp-build": "^4.2.0"
      }
    },
    "vite": {
      "version": "2.4.3",
      "resolved": "https://registry.npmjs.org/vite/-/vite-2.4.3.tgz",
      "integrity": "sha512-iT6NPeiUUZ2FkzC3eazytOEMRaM4J+xgRQcNcpRcbmfYjakCFP4WKPJpeEz1U5JEKHAtwv3ZBQketQUFhFU3ng==",
      "dev": true,
      "requires": {
        "esbuild": "^0.12.8",
        "fsevents": "~2.3.2",
        "postcss": "^8.3.5",
        "resolve": "^1.20.0",
        "rollup": "^2.38.5"
      }
    },
    "websocket": {
      "version": "1.0.34",
      "resolved": "https://registry.npmjs.org/websocket/-/websocket-1.0.34.tgz",
      "integrity": "sha512-PRDso2sGwF6kM75QykIesBijKSVceR6jL2G8NGYyq2XrItNC2P5/qL5XeR056GhA+Ly7JMFvJb9I312mJfmqnQ==",
      "requires": {
        "bufferutil": "^4.0.1",
        "debug": "^2.2.0",
        "es5-ext": "^0.10.50",
        "typedarray-to-buffer": "^3.1.5",
        "utf-8-validate": "^5.0.2",
        "yaeti": "^0.0.6"
      },
      "dependencies": {
        "debug": {
          "version": "2.6.9",
          "resolved": "https://registry.npmjs.org/debug/-/debug-2.6.9.tgz",
          "integrity": "sha512-bC7ElrdJaJnPbAP+1EotYvqZsb3ecl5wi6Bfi6BJTUcNowp6cvspg0jXznRTKDjm/E7AdgFBVeAPVMNcKGsHMA==",
          "requires": {
            "ms": "2.0.0"
          }
        },
        "ms": {
          "version": "2.0.0",
          "resolved": "https://registry.npmjs.org/ms/-/ms-2.0.0.tgz",
          "integrity": "sha1-VgiurfwAvmwpAd9fmGF4jeDVl8g="
        }
      }
    },
    "yaeti": {
      "version": "0.0.6",
      "resolved": "https://registry.npmjs.org/yaeti/-/yaeti-0.0.6.tgz",
      "integrity": "sha1-8m9ITXJoTPQr7ft2lwqhYI+/lXc="
    }
  }
}
